
Microsoft Visual Studio Solution File, Format Version 12.00
# Visual Studio Version 16
VisualStudioVersion = 16.0.31019.35
MinimumVisualStudioVersion = 10.0.40219.1
Project("{FAE04EC0-301F-11D3-BF4B-00C04F79EFBC}") = "Calculator", "Calculator\Calculator.csproj", "{335ABACF-762D-44C7-842D-4200006F3EEE}"
EndProject
Global
	GlobalSection(SolutionConfigurationPlatforms) = preSolution
		Debug|Any CPU = Debug|Any CPU
		Release|Any CPU = Release|Any CPU
	EndGlobalSection
	GlobalSection(ProjectConfigurationPlatforms) = postSolution
		{335ABACF-762D-44C7-842D-4200006F3EEE}.Debug|Any CPU.ActiveCfg = Debug|Any CPU
		{335ABACF-762D-44C7-842D-4200006F3EEE}.Debug|Any CPU.Build.0 = Debug|Any CPU
		{335ABACF-762D-44C7-842D-4200006F3EEE}.Release|Any CPU.ActiveCfg = Release|Any CPU
		{335ABACF-762D-44C7-842D-4200006F3EEE}.Release|Any CPU.Build.0 = Release|Any CPU
	EndGlobalSection
	GlobalSection(SolutionProperties) = preSolution
		HideSolutionNode = FALSE
	EndGlobalSection
	GlobalSection(ExtensibilityGlobals) = postSolution
		SolutionGuid = {C9356404-ECCA-4F8E-8C06-F9807C47AE09}
	EndGlobalSection
EndGlobal
